// !$*UTF8*$!
{
	archiveVersion = 1;
	classes = {
	};
	objectVersion = 77;
	objects = {

/* Begin PBXBuildFile section */
		00A924B80F0171AE317E7641 /* SwiftReadability in Frameworks */ = {isa = PBXBuildFile; productRef = 8DA5A188A5EFF5ED61AA7E6A /* SwiftReadability */; };
		10CD495A52DCA225878DEA03 /* BooksAppV2.swift in Sources */ = {isa = PBXBuildFile; fileRef = 2447D10E0EB282F1AB99CA37 /* BooksAppV2.swift */; };
		12F914A4B235F4C733904AE4 /* ZipExtractorTests.swift in Sources */ = {isa = PBXBuildFile; fileRef = A199160585E95BA515FBDDE5 /* ZipExtractorTests.swift */; };
		15C62ABA522B9038C7EA99D3 /* CoverImageView.swift in Sources */ = {isa = PBXBuildFile; fileRef = 397BA06A4474225DFBBC8E46 /* CoverImageView.swift */; };
		1B561C4C4429CF5B97A3754D /* Theme.swift in Sources */ = {isa = PBXBuildFile; fileRef = 99EF6E15D3549C1F359A2CE1 /* Theme.swift */; };
		1D123A85EBC4AAFA6975DEFF /* EpubTextParser.swift in Sources */ = {isa = PBXBuildFile; fileRef = 721661628DDF0F17BC4EB84C /* EpubTextParser.swift */; };
		1D27906CE56FB152E98B2DEE /* XMLIndexer.swift in Sources */ = {isa = PBXBuildFile; fileRef = 99135E353E149B7CFEFE1355 /* XMLIndexer.swift */; };
		22CBCB4148E9FC67F0049519 /* ReaderSession.swift in Sources */ = {isa = PBXBuildFile; fileRef = 01957373D942D8C9D515C3D3 /* ReaderSession.swift */; };
		26639656FF51C20B13BE215F /* PastedTextImporter.swift in Sources */ = {isa = PBXBuildFile; fileRef = 3C1FA1A2D3A0D85A29529B64 /* PastedTextImporter.swift */; };
		2762A97B0235FCE7632EDB96 /* TTSVoiceTests.swift in Sources */ = {isa = PBXBuildFile; fileRef = E52BC3BD8BED16B6672AE780 /* TTSVoiceTests.swift */; };
		3075795EEC9751BD78F2A039 /* LibraryPaths.swift in Sources */ = {isa = PBXBuildFile; fileRef = B00B41DF92508BAE018105C5 /* LibraryPaths.swift */; };
		330DD9843F3F4283881ABE74 /* SupertonicSynthesizer.swift in Sources */ = {isa = PBXBuildFile; fileRef = 89A618B5CFD8A7E12C6C0C8E /* SupertonicSynthesizer.swift */; };
		3DD2B891BDF9AD61CBA265BD /* AppState.swift in Sources */ = {isa = PBXBuildFile; fileRef = 7B1C7CA8E932CD5688E3177F /* AppState.swift */; };
		43ADFD6BAEF03E393C5AF129 /* Models.swift in Sources */ = {isa = PBXBuildFile; fileRef = 90AD74C6115DC3E8B7851FC1 /* Models.swift */; };
		44F890ECA7FFA86D7A7D6377 /* Font+Theme.swift in Sources */ = {isa = PBXBuildFile; fileRef = FE01AAD2C39105AE0380A5A8 /* Font+Theme.swift */; };
		454D85319CAA8A5B2968D805 /* PdfGeometricExtractor.swift in Sources */ = {isa = PBXBuildFile; fileRef = 74214DC1CDC781FAB1D3954C /* PdfGeometricExtractor.swift */; };
		47D667AFA4A38977722297C0 /* SharePreprocessor.js in Resources */ = {isa = PBXBuildFile; fileRef = EBD3451DCCA48F6BA1D91E6F /* SharePreprocessor.js */; };
		4880D4F4DB790B80222C3130 /* SentenceChunker.swift in Sources */ = {isa = PBXBuildFile; fileRef = F0A9506AF61422634A69EED7 /* SentenceChunker.swift */; };
		4CB5A40C9841277D12016443 /* TtsTextNormalizer.swift in Sources */ = {isa = PBXBuildFile; fileRef = 422FB1F5532F092AE456428B /* TtsTextNormalizer.swift */; };
		5FA3BB711FF2E85760AEC4AB /* AboutView.swift in Sources */ = {isa = PBXBuildFile; fileRef = 7F830A1A4A73E8F5BC2139B3 /* AboutView.swift */; };
		63927BBA5A092DEA96915359 /* LibraryService.swift in Sources */ = {isa = PBXBuildFile; fileRef = 5340F7D12B17C3E232C8EECA /* LibraryService.swift */; };
		66C5CC1C8E75D05664417A34 /* JsonLdExtractor.swift in Sources */ = {isa = PBXBuildFile; fileRef = 5639F2DA89429BDF7E99EEBC /* JsonLdExtractor.swift */; };
		6A15D9CA87511654DB4285A4 /* XMLIndexerTests.swift in Sources */ = {isa = PBXBuildFile; fileRef = 8DD4AAB8D5FF3CFE1D595AF8 /* XMLIndexerTests.swift */; };
		787A1F2448AA4ABA18F5BB3A /* ModelDownloadView.swift in Sources */ = {isa = PBXBuildFile; fileRef = 40DB0043124B1CD508589E4F /* ModelDownloadView.swift */; };
		7D1F0FF9FD352FAC92C08FF3 /* AppLogoView.swift in Sources */ = {isa = PBXBuildFile; fileRef = 69845A77C438A4CCCB8ACF13 /* AppLogoView.swift */; };
		7FE38F4B636CC1EA5B040A23 /* onnxruntime in Frameworks */ = {isa = PBXBuildFile; productRef = 2767889294040521DB955DC6 /* onnxruntime */; };
		864342A0151364D5988FDE51 /* HtmlFetcher.swift in Sources */ = {isa = PBXBuildFile; fileRef = F4E3E1998CD824CBF0E654F8 /* HtmlFetcher.swift */; };
		86D44EFF38061F081A04D2B8 /* AppleVoiceScheduler.swift in Sources */ = {isa = PBXBuildFile; fileRef = 6EED5DADEE439781A46B2956 /* AppleVoiceScheduler.swift */; };
		91232423BA4111EE4A8BCC82 /* WebArticleImporterTests.swift in Sources */ = {isa = PBXBuildFile; fileRef = AC8120B996CD9C1ACDFA155E /* WebArticleImporterTests.swift */; };
		9250F25F3E3E8DB1F25FB076 /* JunkPatternStripper.swift in Sources */ = {isa = PBXBuildFile; fileRef = 9D80EEEFB3BDDC63F2D00C9B /* JunkPatternStripper.swift */; };
		96D4D3EE72447FED928BC604 /* SynthScheduler.swift in Sources */ = {isa = PBXBuildFile; fileRef = 50AB09E8627AE6CA7B5D7594 /* SynthScheduler.swift */; };
		99E885140081748828C900AD /* SwiftSoup in Frameworks */ = {isa = PBXBuildFile; productRef = 8EED7A8D37F43F265970BF3C /* SwiftSoup */; };
		9A6308574C37504E309FC085 /* ContentView.swift in Sources */ = {isa = PBXBuildFile; fileRef = BDD32908E045FD87B70E1C50 /* ContentView.swift */; };
		9ABF7289142BA657B03C5E11 /* PdfTextParser.swift in Sources */ = {isa = PBXBuildFile; fileRef = B9BA06DF231912F1134B88A7 /* PdfTextParser.swift */; };
		9E37852151F0C3748911082D /* WebArticleToParsedBook.swift in Sources */ = {isa = PBXBuildFile; fileRef = 38FD5A27A68966E02DC27C29 /* WebArticleToParsedBook.swift */; };
		A378359A6B2BDE85FBB84E27 /* MiniPlayerView.swift in Sources */ = {isa = PBXBuildFile; fileRef = 418F5B84A4C29A4DE7A0535E /* MiniPlayerView.swift */; };
		A38F22121B19E6991C049FD5 /* TTSVoice.swift in Sources */ = {isa = PBXBuildFile; fileRef = E97757B67B974D69D2BF9345 /* TTSVoice.swift */; };
		A423E43461BAAB8390C8B777 /* EpubTextParserTests.swift in Sources */ = {isa = PBXBuildFile; fileRef = DB7634AD4B842D8591081DD7 /* EpubTextParserTests.swift */; };
		AD2555076B808C66EF93DDDF /* WebArticleImporter.swift in Sources */ = {isa = PBXBuildFile; fileRef = 7EA9AA7468F79066C83060A7 /* WebArticleImporter.swift */; };
		B27027211376509E201FB920 /* J7ShareExtension.appex in Embed Foundation Extensions */ = {isa = PBXBuildFile; fileRef = 83B5BECA1EAA99295D33780A /* J7ShareExtension.appex */; settings = {ATTRIBUTES = (RemoveHeadersOnCopy, ); }; };
		B2BB0B94939D382ABE850999 /* LibraryServiceTests.swift in Sources */ = {isa = PBXBuildFile; fileRef = 515448E9B0D70BBB080E8A6E /* LibraryServiceTests.swift */; };
		B354EC2DF897E947D00C5D9F /* TTSEngine.swift in Sources */ = {isa = PBXBuildFile; fileRef = C6D227184208A1D7133D347A /* TTSEngine.swift */; };
		B96E82446D146592D94E478E /* PdfTextParserTests.swift in Sources */ = {isa = PBXBuildFile; fileRef = 4A77667851655F922E03A003 /* PdfTextParserTests.swift */; };
		C0560791F0C099CE6C2EA875 /* AudioPlayerView.swift in Sources */ = {isa = PBXBuildFile; fileRef = ABC9E9FC117622A81C545021 /* AudioPlayerView.swift */; };
		C290DDF3D73FD519CB89C787 /* PdfReadingOrderExtractor.swift in Sources */ = {isa = PBXBuildFile; fileRef = 4A790378E9ED1ECC18EF2A3A /* PdfReadingOrderExtractor.swift */; };
		CA367A0518F4843D3FB851F3 /* WelcomeModelDownloadView.swift in Sources */ = {isa = PBXBuildFile; fileRef = 8A5987A3382761967C2AA659 /* WelcomeModelDownloadView.swift */; };
		CCF41EA830C75B21C9B98ACC /* Assets.xcassets in Resources */ = {isa = PBXBuildFile; fileRef = 53A16825EE26B65AFC047384 /* Assets.xcassets */; };
		CD285818BA321D267F2EE0AC /* PlayerService.swift in Sources */ = {isa = PBXBuildFile; fileRef = CD0BF5EB61BA8CB684C18289 /* PlayerService.swift */; };
		CFFB52AE310ABD224CBE1352 /* PrivacyInfo.xcprivacy in Resources */ = {isa = PBXBuildFile; fileRef = FB863B351F2A8ECAF1832B0E /* PrivacyInfo.xcprivacy */; };
		D1BB96A122B0A759FC83F0E3 /* ImportView.swift in Sources */ = {isa = PBXBuildFile; fileRef = 2908E4B1A71623222444AB7F /* ImportView.swift */; };
		DC88C901E4E759D2AF985433 /* SharedContainer.swift in Sources */ = {isa = PBXBuildFile; fileRef = 6127040FA4824BED40BF8CD4 /* SharedContainer.swift */; };
		DD8CE99C4A5D2858A79461E7 /* PasteTextSheet.swift in Sources */ = {isa = PBXBuildFile; fileRef = 27BCF2EB90AC68E6420B8B9F /* PasteTextSheet.swift */; };
		DDA9467F743D038505A0E69E /* ReadabilityExtractor.swift in Sources */ = {isa = PBXBuildFile; fileRef = 62A73F1BFA544E27E3951D17 /* ReadabilityExtractor.swift */; };
		E481E8AD999C86CFEF99AE6B /* SupertonicHelper.swift in Sources */ = {isa = PBXBuildFile; fileRef = 523B93A75E39805B098ECCE9 /* SupertonicHelper.swift */; };
		E4EAC46747550454B96CD87D /* ZipExtractor.swift in Sources */ = {isa = PBXBuildFile; fileRef = 14EC3C91187D23630595C9F0 /* ZipExtractor.swift */; };
		E70D9B94DCF0C71218A7A763 /* VoicesView.swift in Sources */ = {isa = PBXBuildFile; fileRef = 0911A9A011097A277273A24E /* VoicesView.swift */; };
		F19920CA513D39BB137B732B /* ShareViewController.swift in Sources */ = {isa = PBXBuildFile; fileRef = 2D22994568385E6D5E6B79F2 /* ShareViewController.swift */; };
		F3814BBE57F3666A38ADDB4A /* LibraryView.swift in Sources */ = {isa = PBXBuildFile; fileRef = 301D51A8EE213A52BE26B240 /* LibraryView.swift */; };
		FA6171F7624AC81489CD39DA /* PastedTextImporterTests.swift in Sources */ = {isa = PBXBuildFile; fileRef = 152CFDC5E17E824E30B01516 /* PastedTextImporterTests.swift */; };
		FAFF3607AA9F542BAE4A9F82 /* BooksAppV2UITests.swift in Sources */ = {isa = PBXBuildFile; fileRef = 8F343A265966038977E16E88 /* BooksAppV2UITests.swift */; };
		FCF5342AF7286396330FFD05 /* SharedContainer.swift in Sources */ = {isa = PBXBuildFile; fileRef = 6127040FA4824BED40BF8CD4 /* SharedContainer.swift */; };
/* End PBXBuildFile section */

/* Begin PBXContainerItemProxy section */
		2BA9E93EBD17023F700D8C33 /* PBXContainerItemProxy */ = {
			isa = PBXContainerItemProxy;
			containerPortal = DDB407013788A31D133287FD /* Project object */;
			proxyType = 1;
			remoteGlobalIDString = 833E61D354461E0307498501;
			remoteInfo = BooksAppV2;
		};
		AF8329C747157987A02E63E6 /* PBXContainerItemProxy */ = {
			isa = PBXContainerItemProxy;
			containerPortal = DDB407013788A31D133287FD /* Project object */;
			proxyType = 1;
			remoteGlobalIDString = 53716FA24BE98C89B28598BC;
			remoteInfo = J7ShareExtension;
		};
		BD814F567EAA85E89262C3CD /* PBXContainerItemProxy */ = {
			isa = PBXContainerItemProxy;
			containerPortal = DDB407013788A31D133287FD /* Project object */;
			proxyType = 1;
			remoteGlobalIDString = 833E61D354461E0307498501;
			remoteInfo = BooksAppV2;
		};
/* End PBXContainerItemProxy section */

/* Begin PBXCopyFilesBuildPhase section */
		3A6D12C277C4ED926AE55F4A /* Embed Foundation Extensions */ = {
			isa = PBXCopyFilesBuildPhase;
			buildActionMask = 2147483647;
			dstPath = "";
			dstSubfolderSpec = 13;
			files = (
				B27027211376509E201FB920 /* J7ShareExtension.appex in Embed Foundation Extensions */,
			);
			name = "Embed Foundation Extensions";
			runOnlyForDeploymentPostprocessing = 0;
		};
/* End PBXCopyFilesBuildPhase section */

/* Begin PBXFileReference section */
		01957373D942D8C9D515C3D3 /* ReaderSession.swift */ = {isa = PBXFileReference; lastKnownFileType = sourcecode.swift; path = ReaderSession.swift; sourceTree = "<group>"; };
		0911A9A011097A277273A24E /* VoicesView.swift */ = {isa = PBXFileReference; lastKnownFileType = sourcecode.swift; path = VoicesView.swift; sourceTree = "<group>"; };
		14EC3C91187D23630595C9F0 /* ZipExtractor.swift */ = {isa = PBXFileReference; lastKnownFileType = sourcecode.swift; path = ZipExtractor.swift; sourceTree = "<group>"; };
		152CFDC5E17E824E30B01516 /* PastedTextImporterTests.swift */ = {isa = PBXFileReference; lastKnownFileType = sourcecode.swift; path = PastedTextImporterTests.swift; sourceTree = "<group>"; };
		2447D10E0EB282F1AB99CA37 /* BooksAppV2.swift */ = {isa = PBXFileReference; lastKnownFileType = sourcecode.swift; path = BooksAppV2.swift; sourceTree = "<group>"; };
		27BCF2EB90AC68E6420B8B9F /* PasteTextSheet.swift */ = {isa = PBXFileReference; lastKnownFileType = sourcecode.swift; path = PasteTextSheet.swift; sourceTree = "<group>"; };
		2908E4B1A71623222444AB7F /* ImportView.swift */ = {isa = PBXFileReference; lastKnownFileType = sourcecode.swift; path = ImportView.swift; sourceTree = "<group>"; };
		2D22994568385E6D5E6B79F2 /* ShareViewController.swift */ = {isa = PBXFileReference; lastKnownFileType = sourcecode.swift; path = ShareViewController.swift; sourceTree = "<group>"; };
		301D51A8EE213A52BE26B240 /* LibraryView.swift */ = {isa = PBXFileReference; lastKnownFileType = sourcecode.swift; path = LibraryView.swift; sourceTree = "<group>"; };
		38FD5A27A68966E02DC27C29 /* WebArticleToParsedBook.swift */ = {isa = PBXFileReference; lastKnownFileType = sourcecode.swift; path = WebArticleToParsedBook.swift; sourceTree = "<group>"; };
		397BA06A4474225DFBBC8E46 /* CoverImageView.swift */ = {isa = PBXFileReference; lastKnownFileType = sourcecode.swift; path = CoverImageView.swift; sourceTree = "<group>"; };
		3C1FA1A2D3A0D85A29529B64 /* PastedTextImporter.swift */ = {isa = PBXFileReference; lastKnownFileType = sourcecode.swift; path = PastedTextImporter.swift; sourceTree = "<group>"; };
		40DB0043124B1CD508589E4F /* ModelDownloadView.swift */ = {isa = PBXFileReference; lastKnownFileType = sourcecode.swift; path = ModelDownloadView.swift; sourceTree = "<group>"; };
		418F5B84A4C29A4DE7A0535E /* MiniPlayerView.swift */ = {isa = PBXFileReference; lastKnownFileType = sourcecode.swift; path = MiniPlayerView.swift; sourceTree = "<group>"; };
		422FB1F5532F092AE456428B /* TtsTextNormalizer.swift */ = {isa = PBXFileReference; lastKnownFileType = sourcecode.swift; path = TtsTextNormalizer.swift; sourceTree = "<group>"; };
		4A77667851655F922E03A003 /* PdfTextParserTests.swift */ = {isa = PBXFileReference; lastKnownFileType = sourcecode.swift; path = PdfTextParserTests.swift; sourceTree = "<group>"; };
		4A790378E9ED1ECC18EF2A3A /* PdfReadingOrderExtractor.swift */ = {isa = PBXFileReference; lastKnownFileType = sourcecode.swift; path = PdfReadingOrderExtractor.swift; sourceTree = "<group>"; };
		4B1DD50AA75DDB551F2CC670 /* J7ShareExtension.entitlements */ = {isa = PBXFileReference; lastKnownFileType = text.plist.entitlements; path = J7ShareExtension.entitlements; sourceTree = "<group>"; };
		50AB09E8627AE6CA7B5D7594 /* SynthScheduler.swift */ = {isa = PBXFileReference; lastKnownFileType = sourcecode.swift; path = SynthScheduler.swift; sourceTree = "<group>"; };
		515448E9B0D70BBB080E8A6E /* LibraryServiceTests.swift */ = {isa = PBXFileReference; lastKnownFileType = sourcecode.swift; path = LibraryServiceTests.swift; sourceTree = "<group>"; };
		523B93A75E39805B098ECCE9 /* SupertonicHelper.swift */ = {isa = PBXFileReference; lastKnownFileType = sourcecode.swift; path = SupertonicHelper.swift; sourceTree = "<group>"; };
		5340F7D12B17C3E232C8EECA /* LibraryService.swift */ = {isa = PBXFileReference; lastKnownFileType = sourcecode.swift; path = LibraryService.swift; sourceTree = "<group>"; };
		53A16825EE26B65AFC047384 /* Assets.xcassets */ = {isa = PBXFileReference; lastKnownFileType = folder.assetcatalog; path = Assets.xcassets; sourceTree = "<group>"; };
		5639F2DA89429BDF7E99EEBC /* JsonLdExtractor.swift */ = {isa = PBXFileReference; lastKnownFileType = sourcecode.swift; path = JsonLdExtractor.swift; sourceTree = "<group>"; };
		6127040FA4824BED40BF8CD4 /* SharedContainer.swift */ = {isa = PBXFileReference; lastKnownFileType = sourcecode.swift; path = SharedContainer.swift; sourceTree = "<group>"; };
		62A73F1BFA544E27E3951D17 /* ReadabilityExtractor.swift */ = {isa = PBXFileReference; lastKnownFileType = sourcecode.swift; path = ReadabilityExtractor.swift; sourceTree = "<group>"; };
		69845A77C438A4CCCB8ACF13 /* AppLogoView.swift */ = {isa = PBXFileReference; lastKnownFileType = sourcecode.swift; path = AppLogoView.swift; sourceTree = "<group>"; };
		6EED5DADEE439781A46B2956 /* AppleVoiceScheduler.swift */ = {isa = PBXFileReference; lastKnownFileType = sourcecode.swift; path = AppleVoiceScheduler.swift; sourceTree = "<group>"; };
		721661628DDF0F17BC4EB84C /* EpubTextParser.swift */ = {isa = PBXFileReference; lastKnownFileType = sourcecode.swift; path = EpubTextParser.swift; sourceTree = "<group>"; };
		74214DC1CDC781FAB1D3954C /* PdfGeometricExtractor.swift */ = {isa = PBXFileReference; lastKnownFileType = sourcecode.swift; path = PdfGeometricExtractor.swift; sourceTree = "<group>"; };
		7B1C7CA8E932CD5688E3177F /* AppState.swift */ = {isa = PBXFileReference; lastKnownFileType = sourcecode.swift; path = AppState.swift; sourceTree = "<group>"; };
		7EA9AA7468F79066C83060A7 /* WebArticleImporter.swift */ = {isa = PBXFileReference; lastKnownFileType = sourcecode.swift; path = WebArticleImporter.swift; sourceTree = "<group>"; };
		7F830A1A4A73E8F5BC2139B3 /* AboutView.swift */ = {isa = PBXFileReference; lastKnownFileType = sourcecode.swift; path = AboutView.swift; sourceTree = "<group>"; };
		83B5BECA1EAA99295D33780A /* J7ShareExtension.appex */ = {isa = PBXFileReference; includeInIndex = 0; lastKnownFileType = "wrapper.app-extension"; path = J7ShareExtension.appex; sourceTree = BUILT_PRODUCTS_DIR; };
		89A618B5CFD8A7E12C6C0C8E /* SupertonicSynthesizer.swift */ = {isa = PBXFileReference; lastKnownFileType = sourcecode.swift; path = SupertonicSynthesizer.swift; sourceTree = "<group>"; };
		8A5987A3382761967C2AA659 /* WelcomeModelDownloadView.swift */ = {isa = PBXFileReference; lastKnownFileType = sourcecode.swift; path = WelcomeModelDownloadView.swift; sourceTree = "<group>"; };
		8DD4AAB8D5FF3CFE1D595AF8 /* XMLIndexerTests.swift */ = {isa = PBXFileReference; lastKnownFileType = sourcecode.swift; path = XMLIndexerTests.swift; sourceTree = "<group>"; };
		8F343A265966038977E16E88 /* BooksAppV2UITests.swift */ = {isa = PBXFileReference; lastKnownFileType = sourcecode.swift; path = BooksAppV2UITests.swift; sourceTree = "<group>"; };
		90AD74C6115DC3E8B7851FC1 /* Models.swift */ = {isa = PBXFileReference; lastKnownFileType = sourcecode.swift; path = Models.swift; sourceTree = "<group>"; };
		99135E353E149B7CFEFE1355 /* XMLIndexer.swift */ = {isa = PBXFileReference; lastKnownFileType = sourcecode.swift; path = XMLIndexer.swift; sourceTree = "<group>"; };
		99EF6E15D3549C1F359A2CE1 /* Theme.swift */ = {isa = PBXFileReference; lastKnownFileType = sourcecode.swift; path = Theme.swift; sourceTree = "<group>"; };
		9D80EEEFB3BDDC63F2D00C9B /* JunkPatternStripper.swift */ = {isa = PBXFileReference; lastKnownFileType = sourcecode.swift; path = JunkPatternStripper.swift; sourceTree = "<group>"; };
		A199160585E95BA515FBDDE5 /* ZipExtractorTests.swift */ = {isa = PBXFileReference; lastKnownFileType = sourcecode.swift; path = ZipExtractorTests.swift; sourceTree = "<group>"; };
		ABC9E9FC117622A81C545021 /* AudioPlayerView.swift */ = {isa = PBXFileReference; lastKnownFileType = sourcecode.swift; path = AudioPlayerView.swift; sourceTree = "<group>"; };
		AC8120B996CD9C1ACDFA155E /* WebArticleImporterTests.swift */ = {isa = PBXFileReference; lastKnownFileType = sourcecode.swift; path = WebArticleImporterTests.swift; sourceTree = "<group>"; };
		B00B41DF92508BAE018105C5 /* LibraryPaths.swift */ = {isa = PBXFileReference; lastKnownFileType = sourcecode.swift; path = LibraryPaths.swift; sourceTree = "<group>"; };
		B5D37AE5873037F2CB5B18A7 /* BooksAppV2Tests.xctest */ = {isa = PBXFileReference; includeInIndex = 0; lastKnownFileType = wrapper.cfbundle; path = BooksAppV2Tests.xctest; sourceTree = BUILT_PRODUCTS_DIR; };
		B9BA06DF231912F1134B88A7 /* PdfTextParser.swift */ = {isa = PBXFileReference; lastKnownFileType = sourcecode.swift; path = PdfTextParser.swift; sourceTree = "<group>"; };
		BDD32908E045FD87B70E1C50 /* ContentView.swift */ = {isa = PBXFileReference; lastKnownFileType = sourcecode.swift; path = ContentView.swift; sourceTree = "<group>"; };
		C6D227184208A1D7133D347A /* TTSEngine.swift */ = {isa = PBXFileReference; lastKnownFileType = sourcecode.swift; path = TTSEngine.swift; sourceTree = "<group>"; };
		CD0BF5EB61BA8CB684C18289 /* PlayerService.swift */ = {isa = PBXFileReference; lastKnownFileType = sourcecode.swift; path = PlayerService.swift; sourceTree = "<group>"; };
		D3733D82D9C509FB55AB2661 /* BooksAppV2.app */ = {isa = PBXFileReference; includeInIndex = 0; lastKnownFileType = wrapper.application; path = BooksAppV2.app; sourceTree = BUILT_PRODUCTS_DIR; };
		DB7634AD4B842D8591081DD7 /* EpubTextParserTests.swift */ = {isa = PBXFileReference; lastKnownFileType = sourcecode.swift; path = EpubTextParserTests.swift; sourceTree = "<group>"; };
		DEAB5E54AEBAEE7318FBBE4F /* Info.plist */ = {isa = PBXFileReference; lastKnownFileType = text.plist; path = Info.plist; sourceTree = "<group>"; };
		E0B8724AE38AD905382D0CFE /* onnxruntime */ = {isa = PBXFileReference; lastKnownFileType = folder; name = onnxruntime; path = Packages/onnxruntime; sourceTree = SOURCE_ROOT; };
		E52BC3BD8BED16B6672AE780 /* TTSVoiceTests.swift */ = {isa = PBXFileReference; lastKnownFileType = sourcecode.swift; path = TTSVoiceTests.swift; sourceTree = "<group>"; };
		E97757B67B974D69D2BF9345 /* TTSVoice.swift */ = {isa = PBXFileReference; lastKnownFileType = sourcecode.swift; path = TTSVoice.swift; sourceTree = "<group>"; };
		E9C70791099EC45E3ECB4613 /* BooksAppShareExtension.entitlements */ = {isa = PBXFileReference; lastKnownFileType = text.plist.entitlements; path = BooksAppShareExtension.entitlements; sourceTree = "<group>"; };
		EBD3451DCCA48F6BA1D91E6F /* SharePreprocessor.js */ = {isa = PBXFileReference; lastKnownFileType = sourcecode.javascript; path = SharePreprocessor.js; sourceTree = "<group>"; };
		F0A9506AF61422634A69EED7 /* SentenceChunker.swift */ = {isa = PBXFileReference; lastKnownFileType = sourcecode.swift; path = SentenceChunker.swift; sourceTree = "<group>"; };
		F29D803D62D6793EA6485EB6 /* BooksAppV2UITests.xctest */ = {isa = PBXFileReference; includeInIndex = 0; lastKnownFileType = wrapper.cfbundle; path = BooksAppV2UITests.xctest; sourceTree = BUILT_PRODUCTS_DIR; };
		F4E3E1998CD824CBF0E654F8 /* HtmlFetcher.swift */ = {isa = PBXFileReference; lastKnownFileType = sourcecode.swift; path = HtmlFetcher.swift; sourceTree = "<group>"; };
		FB863B351F2A8ECAF1832B0E /* PrivacyInfo.xcprivacy */ = {isa = PBXFileReference; path = PrivacyInfo.xcprivacy; sourceTree = "<group>"; };
		FE01AAD2C39105AE0380A5A8 /* Font+Theme.swift */ = {isa = PBXFileReference; lastKnownFileType = sourcecode.swift; path = "Font+Theme.swift"; sourceTree = "<group>"; };
/* End PBXFileReference section */

/* Begin PBXFrameworksBuildPhase section */
		057E82672718E6D5FA083A52 /* Frameworks */ = {
			isa = PBXFrameworksBuildPhase;
			buildActionMask = 2147483647;
			files = (
				7FE38F4B636CC1EA5B040A23 /* onnxruntime in Frameworks */,
				99E885140081748828C900AD /* SwiftSoup in Frameworks */,
				00A924B80F0171AE317E7641 /* SwiftReadability in Frameworks */,
			);
			runOnlyForDeploymentPostprocessing = 0;
		};
/* End PBXFrameworksBuildPhase section */

/* Begin PBXGroup section */
		1F1B2EEB485288E88D86B865 /* Services */ = {
			isa = PBXGroup;
			children = (
				B00B41DF92508BAE018105C5 /* LibraryPaths.swift */,
				5340F7D12B17C3E232C8EECA /* LibraryService.swift */,
				CD0BF5EB61BA8CB684C18289 /* PlayerService.swift */,
				14EC3C91187D23630595C9F0 /* ZipExtractor.swift */,
				9831755EC3858C6F7C17DD23 /* PastedText */,
				96381C7FE51D414E77C5AEC0 /* PDF */,
				BC470E8875BA283E15F6A704 /* TTS */,
				E5BE7C5ECC81E9FB4D575CF1 /* Web */,
			);
			path = Services;
			sourceTree = "<group>";
		};
		45E421A5403679E09772A979 = {
			isa = PBXGroup;
			children = (
				74BDD32D40F9AAE0C3F98E12 /* BooksAppV2 */,
				D654BAF9771258BD2F53F566 /* Packages */,
				C00ECF201EC94C4B498B61D3 /* ShareExtension */,
				7064500BC3AB0B9ABA902054 /* Sources */,
				CF3A071B627DA58D035199F9 /* Tests */,
				80DAE1B13C90A409D67852E8 /* UITests */,
				C817B063E90FF27890CABE02 /* Products */,
			);
			sourceTree = "<group>";
		};
		689FC30E1232217636B205BE /* Library */ = {
			isa = PBXGroup;
			children = (
				7F830A1A4A73E8F5BC2139B3 /* AboutView.swift */,
				2908E4B1A71623222444AB7F /* ImportView.swift */,
				301D51A8EE213A52BE26B240 /* LibraryView.swift */,
				27BCF2EB90AC68E6420B8B9F /* PasteTextSheet.swift */,
				0911A9A011097A277273A24E /* VoicesView.swift */,
			);
			path = Library;
			sourceTree = "<group>";
		};
		7064500BC3AB0B9ABA902054 /* Sources */ = {
			isa = PBXGroup;
			children = (
				FB863B351F2A8ECAF1832B0E /* PrivacyInfo.xcprivacy */,
				A2BA427C4729AB3E1D7D770C /* App */,
				DE83BF209804843C85DF964F /* Models */,
				1F1B2EEB485288E88D86B865 /* Services */,
				DEE2B8EA05EEB81BC82D9D2B /* Views */,
			);
			path = Sources;
			sourceTree = "<group>";
		};
		74BDD32D40F9AAE0C3F98E12 /* BooksAppV2 */ = {
			isa = PBXGroup;
			children = (
				53A16825EE26B65AFC047384 /* Assets.xcassets */,
			);
			path = BooksAppV2;
			sourceTree = "<group>";
		};
		80DAE1B13C90A409D67852E8 /* UITests */ = {
			isa = PBXGroup;
			children = (
				8F343A265966038977E16E88 /* BooksAppV2UITests.swift */,
			);
			path = UITests;
			sourceTree = "<group>";
		};
		96381C7FE51D414E77C5AEC0 /* PDF */ = {
			isa = PBXGroup;
			children = (
				74214DC1CDC781FAB1D3954C /* PdfGeometricExtractor.swift */,
				4A790378E9ED1ECC18EF2A3A /* PdfReadingOrderExtractor.swift */,
				B9BA06DF231912F1134B88A7 /* PdfTextParser.swift */,
			);
			path = PDF;
			sourceTree = "<group>";
		};
		9831755EC3858C6F7C17DD23 /* PastedText */ = {
			isa = PBXGroup;
			children = (
				3C1FA1A2D3A0D85A29529B64 /* PastedTextImporter.swift */,
				F0A9506AF61422634A69EED7 /* SentenceChunker.swift */,
			);
			path = PastedText;
			sourceTree = "<group>";
		};
		A2BA427C4729AB3E1D7D770C /* App */ = {
			isa = PBXGroup;
			children = (
				7B1C7CA8E932CD5688E3177F /* AppState.swift */,
				2447D10E0EB282F1AB99CA37 /* BooksAppV2.swift */,
				FE01AAD2C39105AE0380A5A8 /* Font+Theme.swift */,
				01957373D942D8C9D515C3D3 /* ReaderSession.swift */,
				99EF6E15D3549C1F359A2CE1 /* Theme.swift */,
			);
			path = App;
			sourceTree = "<group>";
		};
		BC470E8875BA283E15F6A704 /* TTS */ = {
			isa = PBXGroup;
			children = (
				6EED5DADEE439781A46B2956 /* AppleVoiceScheduler.swift */,
				721661628DDF0F17BC4EB84C /* EpubTextParser.swift */,
				523B93A75E39805B098ECCE9 /* SupertonicHelper.swift */,
				89A618B5CFD8A7E12C6C0C8E /* SupertonicSynthesizer.swift */,
				50AB09E8627AE6CA7B5D7594 /* SynthScheduler.swift */,
				C6D227184208A1D7133D347A /* TTSEngine.swift */,
				E97757B67B974D69D2BF9345 /* TTSVoice.swift */,
				99135E353E149B7CFEFE1355 /* XMLIndexer.swift */,
			);
			path = TTS;
			sourceTree = "<group>";
		};
		C00ECF201EC94C4B498B61D3 /* ShareExtension */ = {
			isa = PBXGroup;
			children = (
				E9C70791099EC45E3ECB4613 /* BooksAppShareExtension.entitlements */,
				DEAB5E54AEBAEE7318FBBE4F /* Info.plist */,
				4B1DD50AA75DDB551F2CC670 /* J7ShareExtension.entitlements */,
				EBD3451DCCA48F6BA1D91E6F /* SharePreprocessor.js */,
				2D22994568385E6D5E6B79F2 /* ShareViewController.swift */,
			);
			name = ShareExtension;
			path = Sources/Services/Web/ShareExtension;
			sourceTree = "<group>";
		};
		C29DEFDA2D2E62B9FF9802F6 /* TTS */ = {
			isa = PBXGroup;
			children = (
				40DB0043124B1CD508589E4F /* ModelDownloadView.swift */,
				8A5987A3382761967C2AA659 /* WelcomeModelDownloadView.swift */,
			);
			path = TTS;
			sourceTree = "<group>";
		};
		C817B063E90FF27890CABE02 /* Products */ = {
			isa = PBXGroup;
			children = (
				D3733D82D9C509FB55AB2661 /* BooksAppV2.app */,
				B5D37AE5873037F2CB5B18A7 /* BooksAppV2Tests.xctest */,
				F29D803D62D6793EA6485EB6 /* BooksAppV2UITests.xctest */,
				83B5BECA1EAA99295D33780A /* J7ShareExtension.appex */,
			);
			name = Products;
			sourceTree = "<group>";
		};
		CF3A071B627DA58D035199F9 /* Tests */ = {
			isa = PBXGroup;
			children = (
				DB7634AD4B842D8591081DD7 /* EpubTextParserTests.swift */,
				515448E9B0D70BBB080E8A6E /* LibraryServiceTests.swift */,
				152CFDC5E17E824E30B01516 /* PastedTextImporterTests.swift */,
				4A77667851655F922E03A003 /* PdfTextParserTests.swift */,
				E52BC3BD8BED16B6672AE780 /* TTSVoiceTests.swift */,
				AC8120B996CD9C1ACDFA155E /* WebArticleImporterTests.swift */,
				8DD4AAB8D5FF3CFE1D595AF8 /* XMLIndexerTests.swift */,
				A199160585E95BA515FBDDE5 /* ZipExtractorTests.swift */,
			);
			path = Tests;
			sourceTree = "<group>";
		};
		D090F31BB54A2558501E3149 /* Player */ = {
			isa = PBXGroup;
			children = (
				ABC9E9FC117622A81C545021 /* AudioPlayerView.swift */,
			);
			path = Player;
			sourceTree = "<group>";
		};
		D148F6363F5B9B5C03FCFFF8 /* Components */ = {
			isa = PBXGroup;
			children = (
				69845A77C438A4CCCB8ACF13 /* AppLogoView.swift */,
				397BA06A4474225DFBBC8E46 /* CoverImageView.swift */,
				418F5B84A4C29A4DE7A0535E /* MiniPlayerView.swift */,
			);
			path = Components;
			sourceTree = "<group>";
		};
		D654BAF9771258BD2F53F566 /* Packages */ = {
			isa = PBXGroup;
			children = (
				E0B8724AE38AD905382D0CFE /* onnxruntime */,
			);
			path = Packages;
			sourceTree = "<group>";
		};
		DE83BF209804843C85DF964F /* Models */ = {
			isa = PBXGroup;
			children = (
				90AD74C6115DC3E8B7851FC1 /* Models.swift */,
			);
			path = Models;
			sourceTree = "<group>";
		};
		DEE2B8EA05EEB81BC82D9D2B /* Views */ = {
			isa = PBXGroup;
			children = (
				BDD32908E045FD87B70E1C50 /* ContentView.swift */,
				D148F6363F5B9B5C03FCFFF8 /* Components */,
				689FC30E1232217636B205BE /* Library */,
				D090F31BB54A2558501E3149 /* Player */,
				C29DEFDA2D2E62B9FF9802F6 /* TTS */,
			);
			path = Views;
			sourceTree = "<group>";
		};
		E5BE7C5ECC81E9FB4D575CF1 /* Web */ = {
			isa = PBXGroup;
			children = (
				F4E3E1998CD824CBF0E654F8 /* HtmlFetcher.swift */,
				5639F2DA89429BDF7E99EEBC /* JsonLdExtractor.swift */,
				9D80EEEFB3BDDC63F2D00C9B /* JunkPatternStripper.swift */,
				62A73F1BFA544E27E3951D17 /* ReadabilityExtractor.swift */,
				6127040FA4824BED40BF8CD4 /* SharedContainer.swift */,
				422FB1F5532F092AE456428B /* TtsTextNormalizer.swift */,
				7EA9AA7468F79066C83060A7 /* WebArticleImporter.swift */,
				38FD5A27A68966E02DC27C29 /* WebArticleToParsedBook.swift */,
			);
			path = Web;
			sourceTree = "<group>";
		};
/* End PBXGroup section */

/* Begin PBXNativeTarget section */
		53716FA24BE98C89B28598BC /* J7ShareExtension */ = {
			isa = PBXNativeTarget;
			buildConfigurationList = CE23C5D1697373137544D7CA /* Build configuration list for PBXNativeTarget "J7ShareExtension" */;
			buildPhases = (
				D10661B821DC825893429F6A /* Sources */,
				C8F95B44803929878FE35B2A /* Resources */,
			);
			buildRules = (
			);
			dependencies = (
			);
			name = J7ShareExtension;
			packageProductDependencies = (
			);
			productName = J7ShareExtension;
			productReference = 83B5BECA1EAA99295D33780A /* J7ShareExtension.appex */;
			productType = "com.apple.product-type.app-extension";
		};
		70355022CE75464BF948992E /* BooksAppV2UITests */ = {
			isa = PBXNativeTarget;
			buildConfigurationList = B33F2E7611DF36F15C6B5E0E /* Build configuration list for PBXNativeTarget "BooksAppV2UITests" */;
			buildPhases = (
				AA1BC6EB47BC08E0F1D024C4 /* Sources */,
			);
			buildRules = (
			);
			dependencies = (
				0854A68D5CD17BCAB512CF59 /* PBXTargetDependency */,
			);
			name = BooksAppV2UITests;
			packageProductDependencies = (
			);
			productName = BooksAppV2UITests;
			productReference = F29D803D62D6793EA6485EB6 /* BooksAppV2UITests.xctest */;
			productType = "com.apple.product-type.bundle.ui-testing";
		};
		81276FD01768143349C973C2 /* BooksAppV2Tests */ = {
			isa = PBXNativeTarget;
			buildConfigurationList = 980D45C4598780D0BCD9669F /* Build configuration list for PBXNativeTarget "BooksAppV2Tests" */;
			buildPhases = (
				86A8E0D1DB45C268E4A055FB /* Sources */,
			);
			buildRules = (
			);
			dependencies = (
				9DB8D35254D50B47CCE0C559 /* PBXTargetDependency */,
			);
			name = BooksAppV2Tests;
			packageProductDependencies = (
			);
			productName = BooksAppV2Tests;
			productReference = B5D37AE5873037F2CB5B18A7 /* BooksAppV2Tests.xctest */;
			productType = "com.apple.product-type.bundle.unit-test";
		};
		833E61D354461E0307498501 /* BooksAppV2 */ = {
			isa = PBXNativeTarget;
			buildConfigurationList = E7C44527F7C684D90C8DD1A0 /* Build configuration list for PBXNativeTarget "BooksAppV2" */;
			buildPhases = (
				311E211E6CB27368F294D269 /* Sources */,
				1207C65DD686557FE3EE5366 /* Resources */,
				057E82672718E6D5FA083A52 /* Frameworks */,
				3A6D12C277C4ED926AE55F4A /* Embed Foundation Extensions */,
				65424663B68D92D40CB07DE4 /* Fix ONNX Runtime MinimumOSVersion */,
			);
			buildRules = (
			);
			dependencies = (
				85FDA6C169E7FE835AC79AF7 /* PBXTargetDependency */,
			);
			name = BooksAppV2;
			packageProductDependencies = (
				2767889294040521DB955DC6 /* onnxruntime */,
				8EED7A8D37F43F265970BF3C /* SwiftSoup */,
				8DA5A188A5EFF5ED61AA7E6A /* SwiftReadability */,
			);
			productName = BooksAppV2;
			productReference = D3733D82D9C509FB55AB2661 /* BooksAppV2.app */;
			productType = "com.apple.product-type.application";
		};
/* End PBXNativeTarget section */

/* Begin PBXProject section */
		DDB407013788A31D133287FD /* Project object */ = {
			isa = PBXProject;
			attributes = {
				BuildIndependentTargetsInParallel = YES;
				LastUpgradeCheck = 1600;
				TargetAttributes = {
					53716FA24BE98C89B28598BC = {
						ProvisioningStyle = Automatic;
					};
					70355022CE75464BF948992E = {
						TestTargetID = 833E61D354461E0307498501;
					};
					833E61D354461E0307498501 = {
						ProvisioningStyle = Automatic;
					};
				};
			};
			buildConfigurationList = 801445DC3FC5CC8DFCE2BCF0 /* Build configuration list for PBXProject "BooksAppV2" */;
			developmentRegion = en;
			hasScannedForEncodings = 0;
			knownRegions = (
				Base,
				en,
			);
			mainGroup = 45E421A5403679E09772A979;
			minimizedProjectReferenceProxies = 1;
			packageReferences = (
				958233B592DD2DC414DB4D92 /* XCRemoteSwiftPackageReference "swift-readability" */,
				32EB13D2DDFFBB779D2F4D6B /* XCRemoteSwiftPackageReference "SwiftSoup" */,
				30973FF47AEB4357E35F1496 /* XCLocalSwiftPackageReference "Packages/onnxruntime" */,
			);
			preferredProjectObjectVersion = 77;
			productRefGroup = C817B063E90FF27890CABE02 /* Products */;
			projectDirPath = "";
			projectRoot = "";
			targets = (
				833E61D354461E0307498501 /* BooksAppV2 */,
				81276FD01768143349C973C2 /* BooksAppV2Tests */,
				70355022CE75464BF948992E /* BooksAppV2UITests */,
				53716FA24BE98C89B28598BC /* J7ShareExtension */,
			);
		};
/* End PBXProject section */

/* Begin PBXResourcesBuildPhase section */
		1207C65DD686557FE3EE5366 /* Resources */ = {
			isa = PBXResourcesBuildPhase;
			buildActionMask = 2147483647;
			files = (
				CCF41EA830C75B21C9B98ACC /* Assets.xcassets in Resources */,
				CFFB52AE310ABD224CBE1352 /* PrivacyInfo.xcprivacy in Resources */,
			);
			runOnlyForDeploymentPostprocessing = 0;
		};
		C8F95B44803929878FE35B2A /* Resources */ = {
			isa = PBXResourcesBuildPhase;
			buildActionMask = 2147483647;
			files = (
				47D667AFA4A38977722297C0 /* SharePreprocessor.js in Resources */,
			);
			runOnlyForDeploymentPostprocessing = 0;
		};
/* End PBXResourcesBuildPhase section */

/* Begin PBXShellScriptBuildPhase section */
		65424663B68D92D40CB07DE4 /* Fix ONNX Runtime MinimumOSVersion */ = {
			isa = PBXShellScriptBuildPhase;
			alwaysOutOfDate = 1;
			buildActionMask = 2147483647;
			files = (
			);
			inputFileListPaths = (
			);
			inputPaths = (
			);
			name = "Fix ONNX Runtime MinimumOSVersion";
			outputFileListPaths = (
			);
			outputPaths = (
			);
			runOnlyForDeploymentPostprocessing = 0;
			shellPath = /bin/sh;
			shellScript = "set -e\nFRAMEWORKS_PATH=\"${TARGET_BUILD_DIR}/${FRAMEWORKS_FOLDER_PATH}\"\nPLIST=\"${FRAMEWORKS_PATH}/onnxruntime.framework/Info.plist\"\nif [ -f \"$PLIST\" ]; then\n    echo \"Patching MinimumOSVersion in onnxruntime.framework\"\n    /usr/libexec/PlistBuddy -c \"Add :MinimumOSVersion string ${IPHONEOS_DEPLOYMENT_TARGET}\" \"$PLIST\" || \\\n    /usr/libexec/PlistBuddy -c \"Set :MinimumOSVersion ${IPHONEOS_DEPLOYMENT_TARGET}\" \"$PLIST\"\n    \n    # Re-sign the framework to prevent 'integrity could not be verified' / codesign errors\n    SIGN_IDENTITY=\"${EXPANDED_CODE_SIGN_IDENTITY:-}\"\n    if [ -z \"$SIGN_IDENTITY\" ]; then\n        # Fallback to ad-hoc signing if no identity is expanded (e.g. Simulator builds)\n        SIGN_IDENTITY=\"-\"\n    fi\n    echo \"Resigning onnxruntime.framework with identity: ${SIGN_IDENTITY}\"\n    /usr/bin/codesign --force --sign \"${SIGN_IDENTITY}\" --timestamp=none --preserve-metadata=identifier,entitlements,flags \"${FRAMEWORKS_PATH}/onnxruntime.framework\"\nfi\n";
		};
/* End PBXShellScriptBuildPhase section */

/* Begin PBXSourcesBuildPhase section */
		311E211E6CB27368F294D269 /* Sources */ = {
			isa = PBXSourcesBuildPhase;
			buildActionMask = 2147483647;
			files = (
				5FA3BB711FF2E85760AEC4AB /* AboutView.swift in Sources */,
				7D1F0FF9FD352FAC92C08FF3 /* AppLogoView.swift in Sources */,
				3DD2B891BDF9AD61CBA265BD /* AppState.swift in Sources */,
				86D44EFF38061F081A04D2B8 /* AppleVoiceScheduler.swift in Sources */,
				C0560791F0C099CE6C2EA875 /* AudioPlayerView.swift in Sources */,
				10CD495A52DCA225878DEA03 /* BooksAppV2.swift in Sources */,
				9A6308574C37504E309FC085 /* ContentView.swift in Sources */,
				15C62ABA522B9038C7EA99D3 /* CoverImageView.swift in Sources */,
				1D123A85EBC4AAFA6975DEFF /* EpubTextParser.swift in Sources */,
				44F890ECA7FFA86D7A7D6377 /* Font+Theme.swift in Sources */,
				864342A0151364D5988FDE51 /* HtmlFetcher.swift in Sources */,
				D1BB96A122B0A759FC83F0E3 /* ImportView.swift in Sources */,
				66C5CC1C8E75D05664417A34 /* JsonLdExtractor.swift in Sources */,
				9250F25F3E3E8DB1F25FB076 /* JunkPatternStripper.swift in Sources */,
				3075795EEC9751BD78F2A039 /* LibraryPaths.swift in Sources */,
				63927BBA5A092DEA96915359 /* LibraryService.swift in Sources */,
				F3814BBE57F3666A38ADDB4A /* LibraryView.swift in Sources */,
				A378359A6B2BDE85FBB84E27 /* MiniPlayerView.swift in Sources */,
				787A1F2448AA4ABA18F5BB3A /* ModelDownloadView.swift in Sources */,
				43ADFD6BAEF03E393C5AF129 /* Models.swift in Sources */,
				DD8CE99C4A5D2858A79461E7 /* PasteTextSheet.swift in Sources */,
				26639656FF51C20B13BE215F /* PastedTextImporter.swift in Sources */,
				454D85319CAA8A5B2968D805 /* PdfGeometricExtractor.swift in Sources */,
				C290DDF3D73FD519CB89C787 /* PdfReadingOrderExtractor.swift in Sources */,
				9ABF7289142BA657B03C5E11 /* PdfTextParser.swift in Sources */,
				CD285818BA321D267F2EE0AC /* PlayerService.swift in Sources */,
				DDA9467F743D038505A0E69E /* ReadabilityExtractor.swift in Sources */,
				22CBCB4148E9FC67F0049519 /* ReaderSession.swift in Sources */,
				4880D4F4DB790B80222C3130 /* SentenceChunker.swift in Sources */,
				DC88C901E4E759D2AF985433 /* SharedContainer.swift in Sources */,
				E481E8AD999C86CFEF99AE6B /* SupertonicHelper.swift in Sources */,
				330DD9843F3F4283881ABE74 /* SupertonicSynthesizer.swift in Sources */,
				96D4D3EE72447FED928BC604 /* SynthScheduler.swift in Sources */,
				B354EC2DF897E947D00C5D9F /* TTSEngine.swift in Sources */,
				A38F22121B19E6991C049FD5 /* TTSVoice.swift in Sources */,
				1B561C4C4429CF5B97A3754D /* Theme.swift in Sources */,
				4CB5A40C9841277D12016443 /* TtsTextNormalizer.swift in Sources */,
				E70D9B94DCF0C71218A7A763 /* VoicesView.swift in Sources */,
				AD2555076B808C66EF93DDDF /* WebArticleImporter.swift in Sources */,
				9E37852151F0C3748911082D /* WebArticleToParsedBook.swift in Sources */,
				CA367A0518F4843D3FB851F3 /* WelcomeModelDownloadView.swift in Sources */,
				1D27906CE56FB152E98B2DEE /* XMLIndexer.swift in Sources */,
				E4EAC46747550454B96CD87D /* ZipExtractor.swift in Sources */,
			);
			runOnlyForDeploymentPostprocessing = 0;
		};
		86A8E0D1DB45C268E4A055FB /* Sources */ = {
			isa = PBXSourcesBuildPhase;
			buildActionMask = 2147483647;
			files = (
				A423E43461BAAB8390C8B777 /* EpubTextParserTests.swift in Sources */,
				B2BB0B94939D382ABE850999 /* LibraryServiceTests.swift in Sources */,
				FA6171F7624AC81489CD39DA /* PastedTextImporterTests.swift in Sources */,
				B96E82446D146592D94E478E /* PdfTextParserTests.swift in Sources */,
				2762A97B0235FCE7632EDB96 /* TTSVoiceTests.swift in Sources */,
				91232423BA4111EE4A8BCC82 /* WebArticleImporterTests.swift in Sources */,
				6A15D9CA87511654DB4285A4 /* XMLIndexerTests.swift in Sources */,
				12F914A4B235F4C733904AE4 /* ZipExtractorTests.swift in Sources */,
			);
			runOnlyForDeploymentPostprocessing = 0;
		};
		AA1BC6EB47BC08E0F1D024C4 /* Sources */ = {
			isa = PBXSourcesBuildPhase;
			buildActionMask = 2147483647;
			files = (
				FAFF3607AA9F542BAE4A9F82 /* BooksAppV2UITests.swift in Sources */,
			);
			runOnlyForDeploymentPostprocessing = 0;
		};
		D10661B821DC825893429F6A /* Sources */ = {
			isa = PBXSourcesBuildPhase;
			buildActionMask = 2147483647;
			files = (
				F19920CA513D39BB137B732B /* ShareViewController.swift in Sources */,
				FCF5342AF7286396330FFD05 /* SharedContainer.swift in Sources */,
			);
			runOnlyForDeploymentPostprocessing = 0;
		};
/* End PBXSourcesBuildPhase section */

/* Begin PBXTargetDependency section */
		0854A68D5CD17BCAB512CF59 /* PBXTargetDependency */ = {
			isa = PBXTargetDependency;
			target = 833E61D354461E0307498501 /* BooksAppV2 */;
			targetProxy = 2BA9E93EBD17023F700D8C33 /* PBXContainerItemProxy */;
		};
		85FDA6C169E7FE835AC79AF7 /* PBXTargetDependency */ = {
			isa = PBXTargetDependency;
			target = 53716FA24BE98C89B28598BC /* J7ShareExtension */;
			targetProxy = AF8329C747157987A02E63E6 /* PBXContainerItemProxy */;
		};
		9DB8D35254D50B47CCE0C559 /* PBXTargetDependency */ = {
			isa = PBXTargetDependency;
			target = 833E61D354461E0307498501 /* BooksAppV2 */;
			targetProxy = BD814F567EAA85E89262C3CD /* PBXContainerItemProxy */;
		};
/* End PBXTargetDependency section */

/* Begin XCBuildConfiguration section */
		2F7D698EDCEBB8937F6E9561 /* Release */ = {
			isa = XCBuildConfiguration;
			buildSettings = {
				ALWAYS_SEARCH_USER_PATHS = NO;
				CLANG_ANALYZER_NONNULL = YES;
				CLANG_ANALYZER_NUMBER_OBJECT_CONVERSION = YES_AGGRESSIVE;
				CLANG_CXX_LANGUAGE_STANDARD = "gnu++14";
				CLANG_CXX_LIBRARY = "libc++";
				CLANG_ENABLE_MODULES = YES;
				CLANG_ENABLE_OBJC_ARC = YES;
				CLANG_ENABLE_OBJC_WEAK = YES;
				CLANG_WARN_BLOCK_CAPTURE_AUTORELEASING = YES;
				CLANG_WARN_BOOL_CONVERSION = YES;
				CLANG_WARN_COMMA = YES;
				CLANG_WARN_CONSTANT_CONVERSION = YES;
				CLANG_WARN_DEPRECATED_OBJC_IMPLEMENTATIONS = YES;
				CLANG_WARN_DIRECT_OBJC_ISA_USAGE = YES_ERROR;
				CLANG_WARN_DOCUMENTATION_COMMENTS = YES;
				CLANG_WARN_EMPTY_BODY = YES;
				CLANG_WARN_ENUM_CONVERSION = YES;
				CLANG_WARN_INFINITE_RECURSION = YES;
				CLANG_WARN_INT_CONVERSION = YES;
				CLANG_WARN_NON_LITERAL_NULL_CONVERSION = YES;
				CLANG_WARN_OBJC_IMPLICIT_RETAIN_SELF = YES;
				CLANG_WARN_OBJC_LITERAL_CONVERSION = YES;
				CLANG_WARN_OBJC_ROOT_CLASS = YES_ERROR;
				CLANG_WARN_QUOTED_INCLUDE_IN_FRAMEWORK_HEADER = YES;
				CLANG_WARN_RANGE_LOOP_ANALYSIS = YES;
				CLANG_WARN_STRICT_PROTOTYPES = YES;
				CLANG_WARN_SUSPICIOUS_MOVE = YES;
				CLANG_WARN_UNGUARDED_AVAILABILITY = YES_AGGRESSIVE;
				CLANG_WARN_UNREACHABLE_CODE = YES;
				CLANG_WARN__DUPLICATE_METHOD_MATCH = YES;
				COPY_PHASE_STRIP = NO;
				DEBUG_INFORMATION_FORMAT = "dwarf-with-dsym";
				ENABLE_NS_ASSERTIONS = NO;
				ENABLE_PREVIEWS = YES;
				ENABLE_STRICT_OBJC_MSGSEND = YES;
				GCC_C_LANGUAGE_STANDARD = gnu11;
				GCC_NO_COMMON_BLOCKS = YES;
				GCC_WARN_64_TO_32_BIT_CONVERSION = YES;
				GCC_WARN_ABOUT_RETURN_TYPE = YES_ERROR;
				GCC_WARN_UNDECLARED_SELECTOR = YES;
				GCC_WARN_UNINITIALIZED_AUTOS = YES_AGGRESSIVE;
				GCC_WARN_UNUSED_FUNCTION = YES;
				GCC_WARN_UNUSED_VARIABLE = YES;
				IPHONEOS_DEPLOYMENT_TARGET = 17.0;
				MTL_ENABLE_DEBUG_INFO = NO;
				MTL_FAST_MATH = YES;
				PRODUCT_NAME = "$(TARGET_NAME)";
				SDKROOT = iphoneos;
				SWIFT_COMPILATION_MODE = wholemodule;
				SWIFT_OPTIMIZATION_LEVEL = "-O";
				SWIFT_STRICT_CONCURRENCY = targeted;
				SWIFT_VERSION = 6.0;
			};
			name = Release;
		};
		6725ECF3037739EBFAB99CEF /* Release */ = {
			isa = XCBuildConfiguration;
			buildSettings = {
				BUNDLE_LOADER = "$(TEST_HOST)";
				GENERATE_INFOPLIST_FILE = YES;
				IPHONEOS_DEPLOYMENT_TARGET = 17.0;
				LD_RUNPATH_SEARCH_PATHS = (
					"$(inherited)",
					"@executable_path/Frameworks",
					"@loader_path/Frameworks",
				);
				PRODUCT_BUNDLE_IDENTIFIER = in.josepht.BooksAppV2UITests;
				SDKROOT = iphoneos;
				TARGETED_DEVICE_FAMILY = "1,2";
				TEST_TARGET_NAME = BooksAppV2;
			};
			name = Release;
		};
		69E0972EFF88C0FDDAAFFC56 /* Release */ = {
			isa = XCBuildConfiguration;
			buildSettings = {
				BUNDLE_LOADER = "$(TEST_HOST)";
				GENERATE_INFOPLIST_FILE = YES;
				IPHONEOS_DEPLOYMENT_TARGET = 17.0;
				LD_RUNPATH_SEARCH_PATHS = (
					"$(inherited)",
					"@executable_path/Frameworks",
					"@loader_path/Frameworks",
				);
				PRODUCT_BUNDLE_IDENTIFIER = in.josepht.BooksAppV2Tests;
				SDKROOT = iphoneos;
				TARGETED_DEVICE_FAMILY = "1,2";
				TEST_HOST = "$(BUILT_PRODUCTS_DIR)/BooksAppV2.app/BooksAppV2";
			};
			name = Release;
		};
		7F4339A1B65D5BABD4DA1E0E /* Debug */ = {
			isa = XCBuildConfiguration;
			buildSettings = {
				BUNDLE_LOADER = "$(TEST_HOST)";
				GENERATE_INFOPLIST_FILE = YES;
				IPHONEOS_DEPLOYMENT_TARGET = 17.0;
				LD_RUNPATH_SEARCH_PATHS = (
					"$(inherited)",
					"@executable_path/Frameworks",
					"@loader_path/Frameworks",
				);
				PRODUCT_BUNDLE_IDENTIFIER = in.josepht.BooksAppV2UITests;
				SDKROOT = iphoneos;
				TARGETED_DEVICE_FAMILY = "1,2";
				TEST_TARGET_NAME = BooksAppV2;
			};
			name = Debug;
		};
		B648632A587B9CC79CD53B07 /* Debug */ = {
			isa = XCBuildConfiguration;
			buildSettings = {
				ALWAYS_SEARCH_USER_PATHS = NO;
				CLANG_ANALYZER_NONNULL = YES;
				CLANG_ANALYZER_NUMBER_OBJECT_CONVERSION = YES_AGGRESSIVE;
				CLANG_CXX_LANGUAGE_STANDARD = "gnu++14";
				CLANG_CXX_LIBRARY = "libc++";
				CLANG_ENABLE_MODULES = YES;
				CLANG_ENABLE_OBJC_ARC = YES;
				CLANG_ENABLE_OBJC_WEAK = YES;
				CLANG_WARN_BLOCK_CAPTURE_AUTORELEASING = YES;
				CLANG_WARN_BOOL_CONVERSION = YES;
				CLANG_WARN_COMMA = YES;
				CLANG_WARN_CONSTANT_CONVERSION = YES;
				CLANG_WARN_DEPRECATED_OBJC_IMPLEMENTATIONS = YES;
				CLANG_WARN_DIRECT_OBJC_ISA_USAGE = YES_ERROR;
				CLANG_WARN_DOCUMENTATION_COMMENTS = YES;
				CLANG_WARN_EMPTY_BODY = YES;
				CLANG_WARN_ENUM_CONVERSION = YES;
				CLANG_WARN_INFINITE_RECURSION = YES;
				CLANG_WARN_INT_CONVERSION = YES;
				CLANG_WARN_NON_LITERAL_NULL_CONVERSION = YES;
				CLANG_WARN_OBJC_IMPLICIT_RETAIN_SELF = YES;
				CLANG_WARN_OBJC_LITERAL_CONVERSION = YES;
				CLANG_WARN_OBJC_ROOT_CLASS = YES_ERROR;
				CLANG_WARN_QUOTED_INCLUDE_IN_FRAMEWORK_HEADER = YES;
				CLANG_WARN_RANGE_LOOP_ANALYSIS = YES;
				CLANG_WARN_STRICT_PROTOTYPES = YES;
				CLANG_WARN_SUSPICIOUS_MOVE = YES;
				CLANG_WARN_UNGUARDED_AVAILABILITY = YES_AGGRESSIVE;
				CLANG_WARN_UNREACHABLE_CODE = YES;
				CLANG_WARN__DUPLICATE_METHOD_MATCH = YES;
				COPY_PHASE_STRIP = NO;
				DEBUG_INFORMATION_FORMAT = dwarf;
				ENABLE_PREVIEWS = YES;
				ENABLE_STRICT_OBJC_MSGSEND = YES;
				ENABLE_TESTABILITY = YES;
				GCC_C_LANGUAGE_STANDARD = gnu11;
				GCC_DYNAMIC_NO_PIC = NO;
				GCC_NO_COMMON_BLOCKS = YES;
				GCC_OPTIMIZATION_LEVEL = 0;
				GCC_PREPROCESSOR_DEFINITIONS = (
					"$(inherited)",
					"DEBUG=1",
				);
				GCC_WARN_64_TO_32_BIT_CONVERSION = YES;
				GCC_WARN_ABOUT_RETURN_TYPE = YES_ERROR;
				GCC_WARN_UNDECLARED_SELECTOR = YES;
				GCC_WARN_UNINITIALIZED_AUTOS = YES_AGGRESSIVE;
				GCC_WARN_UNUSED_FUNCTION = YES;
				GCC_WARN_UNUSED_VARIABLE = YES;
				IPHONEOS_DEPLOYMENT_TARGET = 17.0;
				MTL_ENABLE_DEBUG_INFO = INCLUDE_SOURCE;
				MTL_FAST_MATH = YES;
				ONLY_ACTIVE_ARCH = YES;
				PRODUCT_NAME = "$(TARGET_NAME)";
				SDKROOT = iphoneos;
				SWIFT_ACTIVE_COMPILATION_CONDITIONS = DEBUG;
				SWIFT_OPTIMIZATION_LEVEL = "-Onone";
				SWIFT_STRICT_CONCURRENCY = targeted;
				SWIFT_VERSION = 6.0;
			};
			name = Debug;
		};
		BAFDADE65BC4936E34F5D8A8 /* Debug */ = {
			isa = XCBuildConfiguration;
			buildSettings = {
				ASSETCATALOG_COMPILER_APPICON_NAME = AppIcon;
				ASSETCATALOG_COMPILER_GLOBAL_ACCENT_COLOR_NAME = AccentColor;
				CODE_SIGN_ENTITLEMENTS = BooksAppV2/BooksAppV2.entitlements;
				CODE_SIGN_IDENTITY = "iPhone Developer";
				CODE_SIGN_STYLE = Automatic;
				CURRENT_PROJECT_VERSION = 8;
				INFOPLIST_FILE = BooksAppV2/Info.plist;
				IPHONEOS_DEPLOYMENT_TARGET = 17.0;
				LD_RUNPATH_SEARCH_PATHS = (
					"$(inherited)",
					"@executable_path/Frameworks",
				);
				MARKETING_VERSION = 1.0.2;
				PRODUCT_BUNDLE_IDENTIFIER = in.josepht.booksappv2;
				PRODUCT_NAME = BooksAppV2;
				SDKROOT = iphoneos;
				TARGETED_DEVICE_FAMILY = "1,2";
			};
			name = Debug;
		};
		D09B78B458AAB0D0B137867E /* Release */ = {
			isa = XCBuildConfiguration;
			buildSettings = {
				ASSETCATALOG_COMPILER_APPICON_NAME = AppIcon;
				ASSETCATALOG_COMPILER_GLOBAL_ACCENT_COLOR_NAME = AccentColor;
				CODE_SIGN_ENTITLEMENTS = BooksAppV2/BooksAppV2.entitlements;
				CODE_SIGN_IDENTITY = "iPhone Developer";
				CODE_SIGN_STYLE = Automatic;
				CURRENT_PROJECT_VERSION = 8;
				INFOPLIST_FILE = BooksAppV2/Info.plist;
				IPHONEOS_DEPLOYMENT_TARGET = 17.0;
				LD_RUNPATH_SEARCH_PATHS = (
					"$(inherited)",
					"@executable_path/Frameworks",
				);
				MARKETING_VERSION = 1.0.2;
				PRODUCT_BUNDLE_IDENTIFIER = in.josepht.booksappv2;
				PRODUCT_NAME = BooksAppV2;
				SDKROOT = iphoneos;
				TARGETED_DEVICE_FAMILY = "1,2";
			};
			name = Release;
		};
		E04D7E0E448432EC48CFBE48 /* Debug */ = {
			isa = XCBuildConfiguration;
			buildSettings = {
				CODE_SIGN_ENTITLEMENTS = Sources/Services/Web/ShareExtension/J7ShareExtension.entitlements;
				CODE_SIGN_STYLE = Automatic;
				CURRENT_PROJECT_VERSION = 8;
				INFOPLIST_FILE = Sources/Services/Web/ShareExtension/Info.plist;
				IPHONEOS_DEPLOYMENT_TARGET = 17.0;
				LD_RUNPATH_SEARCH_PATHS = (
					"$(inherited)",
					"@executable_path/Frameworks",
					"@executable_path/../../Frameworks",
				);
				MARKETING_VERSION = 1.0.2;
				PRODUCT_BUNDLE_IDENTIFIER = in.josepht.booksappv2.ShareExtension;
				PRODUCT_NAME = J7ShareExtension;
				SDKROOT = iphoneos;
				TARGETED_DEVICE_FAMILY = "1,2";
			};
			name = Debug;
		};
		EAB7444E4B41C44ADFF6B3AC /* Debug */ = {
			isa = XCBuildConfiguration;
			buildSettings = {
				BUNDLE_LOADER = "$(TEST_HOST)";
				GENERATE_INFOPLIST_FILE = YES;
				IPHONEOS_DEPLOYMENT_TARGET = 17.0;
				LD_RUNPATH_SEARCH_PATHS = (
					"$(inherited)",
					"@executable_path/Frameworks",
					"@loader_path/Frameworks",
				);
				PRODUCT_BUNDLE_IDENTIFIER = in.josepht.BooksAppV2Tests;
				SDKROOT = iphoneos;
				TARGETED_DEVICE_FAMILY = "1,2";
				TEST_HOST = "$(BUILT_PRODUCTS_DIR)/BooksAppV2.app/BooksAppV2";
			};
			name = Debug;
		};
		FB30A2E309D5D140BC835BA2 /* Release */ = {
			isa = XCBuildConfiguration;
			buildSettings = {
				CODE_SIGN_ENTITLEMENTS = Sources/Services/Web/ShareExtension/J7ShareExtension.entitlements;
				CODE_SIGN_STYLE = Automatic;
				CURRENT_PROJECT_VERSION = 8;
				INFOPLIST_FILE = Sources/Services/Web/ShareExtension/Info.plist;
				IPHONEOS_DEPLOYMENT_TARGET = 17.0;
				LD_RUNPATH_SEARCH_PATHS = (
					"$(inherited)",
					"@executable_path/Frameworks",
					"@executable_path/../../Frameworks",
				);
				MARKETING_VERSION = 1.0.2;
				PRODUCT_BUNDLE_IDENTIFIER = in.josepht.booksappv2.ShareExtension;
				PRODUCT_NAME = J7ShareExtension;
				SDKROOT = iphoneos;
				TARGETED_DEVICE_FAMILY = "1,2";
			};
			name = Release;
		};
/* End XCBuildConfiguration section */

/* Begin XCConfigurationList section */
		801445DC3FC5CC8DFCE2BCF0 /* Build configuration list for PBXProject "BooksAppV2" */ = {
			isa = XCConfigurationList;
			buildConfigurations = (
				B648632A587B9CC79CD53B07 /* Debug */,
				2F7D698EDCEBB8937F6E9561 /* Release */,
			);
			defaultConfigurationIsVisible = 0;
			defaultConfigurationName = Debug;
		};
		980D45C4598780D0BCD9669F /* Build configuration list for PBXNativeTarget "BooksAppV2Tests" */ = {
			isa = XCConfigurationList;
			buildConfigurations = (
				EAB7444E4B41C44ADFF6B3AC /* Debug */,
				69E0972EFF88C0FDDAAFFC56 /* Release */,
			);
			defaultConfigurationIsVisible = 0;
			defaultConfigurationName = Debug;
		};
		B33F2E7611DF36F15C6B5E0E /* Build configuration list for PBXNativeTarget "BooksAppV2UITests" */ = {
			isa = XCConfigurationList;
			buildConfigurations = (
				7F4339A1B65D5BABD4DA1E0E /* Debug */,
				6725ECF3037739EBFAB99CEF /* Release */,
			);
			defaultConfigurationIsVisible = 0;
			defaultConfigurationName = Debug;
		};
		CE23C5D1697373137544D7CA /* Build configuration list for PBXNativeTarget "J7ShareExtension" */ = {
			isa = XCConfigurationList;
			buildConfigurations = (
				E04D7E0E448432EC48CFBE48 /* Debug */,
				FB30A2E309D5D140BC835BA2 /* Release */,
			);
			defaultConfigurationIsVisible = 0;
			defaultConfigurationName = Debug;
		};
		E7C44527F7C684D90C8DD1A0 /* Build configuration list for PBXNativeTarget "BooksAppV2" */ = {
			isa = XCConfigurationList;
			buildConfigurations = (
				BAFDADE65BC4936E34F5D8A8 /* Debug */,
				D09B78B458AAB0D0B137867E /* Release */,
			);
			defaultConfigurationIsVisible = 0;
			defaultConfigurationName = Debug;
		};
/* End XCConfigurationList section */

/* Begin XCLocalSwiftPackageReference section */
		30973FF47AEB4357E35F1496 /* XCLocalSwiftPackageReference "Packages/onnxruntime" */ = {
			isa = XCLocalSwiftPackageReference;
			relativePath = Packages/onnxruntime;
		};
/* End XCLocalSwiftPackageReference section */

/* Begin XCRemoteSwiftPackageReference section */
		32EB13D2DDFFBB779D2F4D6B /* XCRemoteSwiftPackageReference "SwiftSoup" */ = {
			isa = XCRemoteSwiftPackageReference;
			repositoryURL = "https://github.com/scinfu/SwiftSoup.git";
			requirement = {
				kind = upToNextMajorVersion;
				minimumVersion = 2.7.0;
			};
		};
		958233B592DD2DC414DB4D92 /* XCRemoteSwiftPackageReference "swift-readability" */ = {
			isa = XCRemoteSwiftPackageReference;
			repositoryURL = "https://github.com/lake-of-fire/swift-readability.git";
			requirement = {
				branch = main;
				kind = branch;
			};
		};
/* End XCRemoteSwiftPackageReference section */

/* Begin XCSwiftPackageProductDependency section */
		2767889294040521DB955DC6 /* onnxruntime */ = {
			isa = XCSwiftPackageProductDependency;
			productName = onnxruntime;
		};
		8DA5A188A5EFF5ED61AA7E6A /* SwiftReadability */ = {
			isa = XCSwiftPackageProductDependency;
			package = 958233B592DD2DC414DB4D92 /* XCRemoteSwiftPackageReference "swift-readability" */;
			productName = SwiftReadability;
		};
		8EED7A8D37F43F265970BF3C /* SwiftSoup */ = {
			isa = XCSwiftPackageProductDependency;
			package = 32EB13D2DDFFBB779D2F4D6B /* XCRemoteSwiftPackageReference "SwiftSoup" */;
			productName = SwiftSoup;
		};
/* End XCSwiftPackageProductDependency section */
	};
	rootObject = DDB407013788A31D133287FD /* Project object */;
}
