{
  "originHash" : "d1958426e743692514a25c7c46bef7b791384677d6f3fe2d53b0f4f1fb0e8741",
  "pins" : [
    {
      "identity" : "onnxruntime-swift-package-manager",
      "kind" : "remoteSourceControl",
      "location" : "https://github.com/microsoft/onnxruntime-swift-package-manager",
      "state" : {
        "revision" : "b7fb7f7dea8a2469e6335d95a61b8f36d0dc83b2",
        "version" : "1.24.2"
      }
    },
    {
      "identity" : "swift-readability",
      "kind" : "remoteSourceControl",
      "location" : "https://github.com/lake-of-fire/swift-readability.git",
      "state" : {
        "branch" : "main",
        "revision" : "8b9d384713d1592fcd1bebe7ef610dfe7b41cbd8"
      }
    },
    {
      "identity" : "swiftsoup",
      "kind" : "remoteSourceControl",
      "location" : "https://github.com/scinfu/SwiftSoup.git",
      "state" : {
        "revision" : "49dcadd93161f4a44b4994d3a3e8de9f085aface",
        "version" : "2.13.5"
      }
    }
  ],
  "version" : 3
}
